
Microsoft Visual Studio Solution File, Format Version 12.00
# Visual Studio 15
VisualStudioVersion = 15.0.28307.329
MinimumVisualStudioVersion = 10.0.40219.1
Project("{FAE04EC0-301F-11D3-BF4B-00C04F79EFBC}") = "StatWeightCalculator", "WindowsFormsApplication1\StatWeightCalculator.csproj", "{D104264E-3CE7-4D6F-9F40-8CD917B605EC}"
EndProject
Global
	GlobalSection(SolutionConfigurationPlatforms) = preSolution
		Debug|Any CPU = Debug|Any CPU
		Release|Any CPU = Release|Any CPU
	EndGlobalSection
	GlobalSection(ProjectConfigurationPlatforms) = postSolution
		{D104264E-3CE7-4D6F-9F40-8CD917B605EC}.Debug|Any CPU.ActiveCfg = Debug|Any CPU
		{D104264E-3CE7-4D6F-9F40-8CD917B605EC}.Debug|Any CPU.Build.0 = Debug|Any CPU
		{D104264E-3CE7-4D6F-9F40-8CD917B605EC}.Release|Any CPU.ActiveCfg = Release|Any CPU
		{D104264E-3CE7-4D6F-9F40-8CD917B605EC}.Release|Any CPU.Build.0 = Release|Any CPU
	EndGlobalSection
	GlobalSection(SolutionProperties) = preSolution
		HideSolutionNode = FALSE
	EndGlobalSection
	GlobalSection(ExtensibilityGlobals) = postSolution
		SolutionGuid = {19A0C6C9-5BA2-4803-B2AC-D7E90C1EDFFE}
	EndGlobalSection
EndGlobal
